// !$*UTF8*$!
{
	archiveVersion = 1;
	classes = {
	};
	objectVersion = 46;
	objects = {

/* Begin PBXBuildFile section */
		4B3632451F77853A006AD7AB /* main.cpp in Sources */ = {isa = PBXBuildFile; fileRef = 4B3632441F77853A006AD7AB /* main.cpp */; };
		4B36324E1F77995B006AD7AB /* median.cpp in Sources */ = {isa = PBXBuildFile; fileRef = 4B36324C1F77995B006AD7AB /* median.cpp */; };
		4B3632511F779B8D006AD7AB /* Student_info.cpp in Sources */ = {isa = PBXBuildFile; fileRef = 4B36324F1F779B8D006AD7AB /* Student_info.cpp */; };
		4B3632541F779E69006AD7AB /* grade.cpp in Sources */ = {isa = PBXBuildFile; fileRef = 4B3632521F779E69006AD7AB /* grade.cpp */; };
/* End PBXBuildFile section */

/* Begin PBXCopyFilesBuildPhase section */
		4B36323F1F77853A006AD7AB /* CopyFiles */ = {
			isa = PBXCopyFilesBuildPhase;
			buildActionMask = 2147483647;
			dstPath = /usr/share/man/man1/;
			dstSubfolderSpec = 0;
			files = (
			);
			runOnlyForDeploymentPostprocessing = 1;
		};
/* End PBXCopyFilesBuildPhase section */

/* Begin PBXFileReference section */
		4B3632411F77853A006AD7AB /* accelerated_cpp_chapter4_02 */ = {isa = PBXFileReference; explicitFileType = "compiled.mach-o.executable"; includeInIndex = 0; path = accelerated_cpp_chapter4_02; sourceTree = BUILT_PRODUCTS_DIR; };
		4B3632441F77853A006AD7AB /* main.cpp */ = {isa = PBXFileReference; lastKnownFileType = sourcecode.cpp.cpp; path = main.cpp; sourceTree = "<group>"; };
		4B36324B1F7797C1006AD7AB /* median.h */ = {isa = PBXFileReference; lastKnownFileType = sourcecode.c.h; path = median.h; sourceTree = "<group>"; };
		4B36324C1F77995B006AD7AB /* median.cpp */ = {isa = PBXFileReference; fileEncoding = 4; lastKnownFileType = sourcecode.cpp.cpp; path = median.cpp; sourceTree = "<group>"; };
		4B36324D1F77995B006AD7AB /* median.hpp */ = {isa = PBXFileReference; fileEncoding = 4; lastKnownFileType = sourcecode.cpp.h; path = median.hpp; sourceTree = "<group>"; };
		4B36324F1F779B8D006AD7AB /* Student_info.cpp */ = {isa = PBXFileReference; fileEncoding = 4; lastKnownFileType = sourcecode.cpp.cpp; path = Student_info.cpp; sourceTree = "<group>"; };
		4B3632501F779B8D006AD7AB /* Student_info.hpp */ = {isa = PBXFileReference; fileEncoding = 4; lastKnownFileType = sourcecode.cpp.h; path = Student_info.hpp; sourceTree = "<group>"; };
		4B3632521F779E69006AD7AB /* grade.cpp */ = {isa = PBXFileReference; fileEncoding = 4; lastKnownFileType = sourcecode.cpp.cpp; path = grade.cpp; sourceTree = "<group>"; };
		4B3632531F779E69006AD7AB /* grade.hpp */ = {isa = PBXFileReference; fileEncoding = 4; lastKnownFileType = sourcecode.cpp.h; path = grade.hpp; sourceTree = "<group>"; };
/* End PBXFileReference section */

/* Begin PBXFrameworksBuildPhase section */
		4B36323E1F77853A006AD7AB /* Frameworks */ = {
			isa = PBXFrameworksBuildPhase;
			buildActionMask = 2147483647;
			files = (
			);
			runOnlyForDeploymentPostprocessing = 0;
		};
/* End PBXFrameworksBuildPhase section */

/* Begin PBXGroup section */
		4B3632381F77853A006AD7AB = {
			isa = PBXGroup;
			children = (
				4B3632431F77853A006AD7AB /* accelerated_cpp_chapter4_02 */,
				4B3632421F77853A006AD7AB /* Products */,
			);
			sourceTree = "<group>";
		};
		4B3632421F77853A006AD7AB /* Products */ = {
			isa = PBXGroup;
			children = (
				4B3632411F77853A006AD7AB /* accelerated_cpp_chapter4_02 */,
			);
			name = Products;
			sourceTree = "<group>";
		};
		4B3632431F77853A006AD7AB /* accelerated_cpp_chapter4_02 */ = {
			isa = PBXGroup;
			children = (
				4B3632441F77853A006AD7AB /* main.cpp */,
				4B36324B1F7797C1006AD7AB /* median.h */,
				4B36324C1F77995B006AD7AB /* median.cpp */,
				4B36324D1F77995B006AD7AB /* median.hpp */,
				4B36324F1F779B8D006AD7AB /* Student_info.cpp */,
				4B3632501F779B8D006AD7AB /* Student_info.hpp */,
				4B3632521F779E69006AD7AB /* grade.cpp */,
				4B3632531F779E69006AD7AB /* grade.hpp */,
			);
			path = accelerated_cpp_chapter4_02;
			sourceTree = "<group>";
		};
/* End PBXGroup section */

/* Begin PBXNativeTarget section */
		4B3632401F77853A006AD7AB /* accelerated_cpp_chapter4_02 */ = {
			isa = PBXNativeTarget;
			buildConfigurationList = 4B3632481F77853A006AD7AB /* Build configuration list for PBXNativeTarget "accelerated_cpp_chapter4_02" */;
			buildPhases = (
				4B36323D1F77853A006AD7AB /* Sources */,
				4B36323E1F77853A006AD7AB /* Frameworks */,
				4B36323F1F77853A006AD7AB /* CopyFiles */,
			);
			buildRules = (
			);
			dependencies = (
			);
			name = accelerated_cpp_chapter4_02;
			productName = accelerated_cpp_chapter4_02;
			productReference = 4B3632411F77853A006AD7AB /* accelerated_cpp_chapter4_02 */;
			productType = "com.apple.product-type.tool";
		};
/* End PBXNativeTarget section */

/* Begin PBXProject section */
		4B3632391F77853A006AD7AB /* Project object */ = {
			isa = PBXProject;
			attributes = {
				LastUpgradeCheck = 0830;
				ORGANIZATIONNAME = "Κωνσταντινος Μορφακης";
				TargetAttributes = {
					4B3632401F77853A006AD7AB = {
						CreatedOnToolsVersion = 8.3.3;
						DevelopmentTeam = 3J35SDFXX4;
						ProvisioningStyle = Automatic;
					};
				};
			};
			buildConfigurationList = 4B36323C1F77853A006AD7AB /* Build configuration list for PBXProject "accelerated_cpp_chapter4_02" */;
			compatibilityVersion = "Xcode 3.2";
			developmentRegion = English;
			hasScannedForEncodings = 0;
			knownRegions = (
				en,
			);
			mainGroup = 4B3632381F77853A006AD7AB;
			productRefGroup = 4B3632421F77853A006AD7AB /* Products */;
			projectDirPath = "";
			projectRoot = "";
			targets = (
				4B3632401F77853A006AD7AB /* accelerated_cpp_chapter4_02 */,
			);
		};
/* End PBXProject section */

/* Begin PBXSourcesBuildPhase section */
		4B36323D1F77853A006AD7AB /* Sources */ = {
			isa = PBXSourcesBuildPhase;
			buildActionMask = 2147483647;
			files = (
				4B3632511F779B8D006AD7AB /* Student_info.cpp in Sources */,
				4B3632541F779E69006AD7AB /* grade.cpp in Sources */,
				4B3632451F77853A006AD7AB /* main.cpp in Sources */,
				4B36324E1F77995B006AD7AB /* median.cpp in Sources */,
			);
			runOnlyForDeploymentPostprocessing = 0;
		};
/* End PBXSourcesBuildPhase section */

/* Begin XCBuildConfiguration section */
		4B3632461F77853A006AD7AB /* Debug */ = {
			isa = XCBuildConfiguration;
			buildSettings = {
				ALWAYS_SEARCH_USER_PATHS = NO;
				CLANG_ANALYZER_NONNULL = YES;
				CLANG_ANALYZER_NUMBER_OBJECT_CONVERSION = YES_AGGRESSIVE;
				CLANG_CXX_LANGUAGE_STANDARD = "gnu++0x";
				CLANG_CXX_LIBRARY = "libc++";
				CLANG_ENABLE_MODULES = YES;
				CLANG_ENABLE_OBJC_ARC = YES;
				CLANG_WARN_BOOL_CONVERSION = YES;
				CLANG_WARN_CONSTANT_CONVERSION = YES;
				CLANG_WARN_DIRECT_OBJC_ISA_USAGE = YES_ERROR;
				CLANG_WARN_DOCUMENTATION_COMMENTS = YES;
				CLANG_WARN_EMPTY_BODY = YES;
				CLANG_WARN_ENUM_CONVERSION = YES;
				CLANG_WARN_INFINITE_RECURSION = YES;
				CLANG_WARN_INT_CONVERSION = YES;
				CLANG_WARN_OBJC_ROOT_CLASS = YES_ERROR;
				CLANG_WARN_SUSPICIOUS_MOVE = YES;
				CLANG_WARN_UNREACHABLE_CODE = YES;
				CLANG_WARN__DUPLICATE_METHOD_MATCH = YES;
				CODE_SIGN_IDENTITY = "-";
				COPY_PHASE_STRIP = NO;
				DEBUG_INFORMATION_FORMAT = dwarf;
				ENABLE_STRICT_OBJC_MSGSEND = YES;
				ENABLE_TESTABILITY = YES;
				GCC_C_LANGUAGE_STANDARD = gnu99;
				GCC_DYNAMIC_NO_PIC = NO;
				GCC_NO_COMMON_BLOCKS = YES;
				GCC_OPTIMIZATION_LEVEL = 0;
				GCC_PREPROCESSOR_DEFINITIONS = (
					"DEBUG=1",
					"$(inherited)",
				);
				GCC_WARN_64_TO_32_BIT_CONVERSION = YES;
				GCC_WARN_ABOUT_RETURN_TYPE = YES_ERROR;
				GCC_WARN_UNDECLARED_SELECTOR = YES;
				GCC_WARN_UNINITIALIZED_AUTOS = YES_AGGRESSIVE;
				GCC_WARN_UNUSED_FUNCTION = YES;
				GCC_WARN_UNUSED_VARIABLE = YES;
				MACOSX_DEPLOYMENT_TARGET = 10.12;
				MTL_ENABLE_DEBUG_INFO = YES;
				ONLY_ACTIVE_ARCH = YES;
				SDKROOT = macosx;
			};
			name = Debug;
		};
		4B3632471F77853A006AD7AB /* Release */ = {
			isa = XCBuildConfiguration;
			buildSettings = {
				ALWAYS_SEARCH_USER_PATHS = NO;
				CLANG_ANALYZER_NONNULL = YES;
				CLANG_ANALYZER_NUMBER_OBJECT_CONVERSION = YES_AGGRESSIVE;
				CLANG_CXX_LANGUAGE_STANDARD = "gnu++0x";
				CLANG_CXX_LIBRARY = "libc++";
				CLANG_ENABLE_MODULES = YES;
				CLANG_ENABLE_OBJC_ARC = YES;
				CLANG_WARN_BOOL_CONVERSION = YES;
				CLANG_WARN_CONSTANT_CONVERSION = YES;
				CLANG_WARN_DIRECT_OBJC_ISA_USAGE = YES_ERROR;
				CLANG_WARN_DOCUMENTATION_COMMENTS = YES;
				CLANG_WARN_EMPTY_BODY = YES;
				CLANG_WARN_ENUM_CONVERSION = YES;
				CLANG_WARN_INFINITE_RECURSION = YES;
				CLANG_WARN_INT_CONVERSION = YES;
				CLANG_WARN_OBJC_ROOT_CLASS = YES_ERROR;
				CLANG_WARN_SUSPICIOUS_MOVE = YES;
				CLANG_WARN_UNREACHABLE_CODE = YES;
				CLANG_WARN__DUPLICATE_METHOD_MATCH = YES;
				CODE_SIGN_IDENTITY = "-";
				COPY_PHASE_STRIP = NO;
				DEBUG_INFORMATION_FORMAT = "dwarf-with-dsym";
				ENABLE_NS_ASSERTIONS = NO;
				ENABLE_STRICT_OBJC_MSGSEND = YES;
				GCC_C_LANGUAGE_STANDARD = gnu99;
				GCC_NO_COMMON_BLOCKS = YES;
				GCC_WARN_64_TO_32_BIT_CONVERSION = YES;
				GCC_WARN_ABOUT_RETURN_TYPE = YES_ERROR;
				GCC_WARN_UNDECLARED_SELECTOR = YES;
				GCC_WARN_UNINITIALIZED_AUTOS = YES_AGGRESSIVE;
				GCC_WARN_UNUSED_FUNCTION = YES;
				GCC_WARN_UNUSED_VARIABLE = YES;
				MACOSX_DEPLOYMENT_TARGET = 10.12;
				MTL_ENABLE_DEBUG_INFO = NO;
				SDKROOT = macosx;
			};
			name = Release;
		};
		4B3632491F77853A006AD7AB /* Debug */ = {
			isa = XCBuildConfiguration;
			buildSettings = {
				DEVELOPMENT_TEAM = 3J35SDFXX4;
				PRODUCT_NAME = "$(TARGET_NAME)";
			};
			name = Debug;
		};
		4B36324A1F77853A006AD7AB /* Release */ = {
			isa = XCBuildConfiguration;
			buildSettings = {
				DEVELOPMENT_TEAM = 3J35SDFXX4;
				PRODUCT_NAME = "$(TARGET_NAME)";
			};
			name = Release;
		};
/* End XCBuildConfiguration section */

/* Begin XCConfigurationList section */
		4B36323C1F77853A006AD7AB /* Build configuration list for PBXProject "accelerated_cpp_chapter4_02" */ = {
			isa = XCConfigurationList;
			buildConfigurations = (
				4B3632461F77853A006AD7AB /* Debug */,
				4B3632471F77853A006AD7AB /* Release */,
			);
			defaultConfigurationIsVisible = 0;
			defaultConfigurationName = Release;
		};
		4B3632481F77853A006AD7AB /* Build configuration list for PBXNativeTarget "accelerated_cpp_chapter4_02" */ = {
			isa = XCConfigurationList;
			buildConfigurations = (
				4B3632491F77853A006AD7AB /* Debug */,
				4B36324A1F77853A006AD7AB /* Release */,
			);
			defaultConfigurationIsVisible = 0;
		};
/* End XCConfigurationList section */
	};
	rootObject = 4B3632391F77853A006AD7AB /* Project object */;
}
